
Microsoft Visual Studio Solution File, Format Version 12.00
# Visual Studio Version 16
VisualStudioVersion = 16.0.30114.105
MinimumVisualStudioVersion = 10.0.40219.1
Project("{2150E333-8FDC-42A3-9474-1A3956D46DE8}") = "src", "src", "{565C6579-A7B1-4F06-8008-6FA5D45BAAE6}"
EndProject
Project("{2150E333-8FDC-42A3-9474-1A3956D46DE8}") = "test", "test", "{352B3D40-F028-453F-A52E-5FE09DAF7D97}"
EndProject
Project("{FAE04EC0-301F-11D3-BF4B-00C04F79EFBC}") = "OAuthGitHub.Api", "src\OAuthGitHub.Api\OAuthGitHub.Api.csproj", "{3ADDD51C-C0E0-4567-B261-E98E625AED0C}"
EndProject
Project("{2150E333-8FDC-42A3-9474-1A3956D46DE8}") = "docker", "docker", "{559B7F6F-6FE3-4E48-B877-FD12C553A6F1}"
	ProjectSection(SolutionItems) = preProject
		docker\docker-compose.yml = docker\docker-compose.yml
	EndProjectSection
EndProject
Project("{2150E333-8FDC-42A3-9474-1A3956D46DE8}") = "nginx", "nginx", "{8BE4DD56-B00C-4F0C-A935-A8E62B7FFA76}"
ProjectSection(SolutionItems) = preProject
	nginx\nginx.conf = nginx\nginx.conf
EndProjectSection
EndProject
Project("{FAE04EC0-301F-11D3-BF4B-00C04F79EFBC}") = "OAuthGithub.Core", "src\OAuthGithub.Core\OAuthGithub.Core.csproj", "{A9E61E51-D293-4E96-94C8-A102348DEB88}"
EndProject
Project("{FAE04EC0-301F-11D3-BF4B-00C04F79EFBC}") = "Shared", "src\Shared\Shared.csproj", "{2BED85B5-139D-4E9C-9075-2E9DBBFF062C}"
EndProject
Project("{FAE04EC0-301F-11D3-BF4B-00C04F79EFBC}") = "Shared", "test\Shared\Shared.csproj", "{6BE892F3-9F7A-4D6C-AAC8-E35E1AE8D335}"
EndProject
Project("{FAE04EC0-301F-11D3-BF4B-00C04F79EFBC}") = "OAuthGithub.AcceptanceTest", "test\OAuthGithub.AcceptanceTest\OAuthGithub.AcceptanceTest.csproj", "{BD2BFCCB-4058-4F09-BF1B-27751991339D}"
EndProject
Project("{FAE04EC0-301F-11D3-BF4B-00C04F79EFBC}") = "OAuthGithub.Api.UnitTest", "test\OAuthGithub.Api.UnitTest\OAuthGithub.Api.UnitTest.csproj", "{FF001147-8C8A-4A64-B725-B1933E14AE20}"
EndProject
Global
	GlobalSection(SolutionConfigurationPlatforms) = preSolution
		Debug|Any CPU = Debug|Any CPU
		Debug|x64 = Debug|x64
		Debug|x86 = Debug|x86
		Release|Any CPU = Release|Any CPU
		Release|x64 = Release|x64
		Release|x86 = Release|x86
	EndGlobalSection
	GlobalSection(SolutionProperties) = preSolution
		HideSolutionNode = FALSE
	EndGlobalSection
	GlobalSection(ProjectConfigurationPlatforms) = postSolution
		{3ADDD51C-C0E0-4567-B261-E98E625AED0C}.Debug|Any CPU.ActiveCfg = Debug|Any CPU
		{3ADDD51C-C0E0-4567-B261-E98E625AED0C}.Debug|Any CPU.Build.0 = Debug|Any CPU
		{3ADDD51C-C0E0-4567-B261-E98E625AED0C}.Debug|x64.ActiveCfg = Debug|Any CPU
		{3ADDD51C-C0E0-4567-B261-E98E625AED0C}.Debug|x64.Build.0 = Debug|Any CPU
		{3ADDD51C-C0E0-4567-B261-E98E625AED0C}.Debug|x86.ActiveCfg = Debug|Any CPU
		{3ADDD51C-C0E0-4567-B261-E98E625AED0C}.Debug|x86.Build.0 = Debug|Any CPU
		{3ADDD51C-C0E0-4567-B261-E98E625AED0C}.Release|Any CPU.ActiveCfg = Release|Any CPU
		{3ADDD51C-C0E0-4567-B261-E98E625AED0C}.Release|Any CPU.Build.0 = Release|Any CPU
		{3ADDD51C-C0E0-4567-B261-E98E625AED0C}.Release|x64.ActiveCfg = Release|Any CPU
		{3ADDD51C-C0E0-4567-B261-E98E625AED0C}.Release|x64.Build.0 = Release|Any CPU
		{3ADDD51C-C0E0-4567-B261-E98E625AED0C}.Release|x86.ActiveCfg = Release|Any CPU
		{3ADDD51C-C0E0-4567-B261-E98E625AED0C}.Release|x86.Build.0 = Release|Any CPU
		{A9E61E51-D293-4E96-94C8-A102348DEB88}.Debug|Any CPU.ActiveCfg = Debug|Any CPU
		{A9E61E51-D293-4E96-94C8-A102348DEB88}.Debug|Any CPU.Build.0 = Debug|Any CPU
		{A9E61E51-D293-4E96-94C8-A102348DEB88}.Debug|x64.ActiveCfg = Debug|Any CPU
		{A9E61E51-D293-4E96-94C8-A102348DEB88}.Debug|x64.Build.0 = Debug|Any CPU
		{A9E61E51-D293-4E96-94C8-A102348DEB88}.Debug|x86.ActiveCfg = Debug|Any CPU
		{A9E61E51-D293-4E96-94C8-A102348DEB88}.Debug|x86.Build.0 = Debug|Any CPU
		{A9E61E51-D293-4E96-94C8-A102348DEB88}.Release|Any CPU.ActiveCfg = Release|Any CPU
		{A9E61E51-D293-4E96-94C8-A102348DEB88}.Release|Any CPU.Build.0 = Release|Any CPU
		{A9E61E51-D293-4E96-94C8-A102348DEB88}.Release|x64.ActiveCfg = Release|Any CPU
		{A9E61E51-D293-4E96-94C8-A102348DEB88}.Release|x64.Build.0 = Release|Any CPU
		{A9E61E51-D293-4E96-94C8-A102348DEB88}.Release|x86.ActiveCfg = Release|Any CPU
		{A9E61E51-D293-4E96-94C8-A102348DEB88}.Release|x86.Build.0 = Release|Any CPU
		{2BED85B5-139D-4E9C-9075-2E9DBBFF062C}.Debug|Any CPU.ActiveCfg = Debug|Any CPU
		{2BED85B5-139D-4E9C-9075-2E9DBBFF062C}.Debug|Any CPU.Build.0 = Debug|Any CPU
		{2BED85B5-139D-4E9C-9075-2E9DBBFF062C}.Debug|x64.ActiveCfg = Debug|Any CPU
		{2BED85B5-139D-4E9C-9075-2E9DBBFF062C}.Debug|x64.Build.0 = Debug|Any CPU
		{2BED85B5-139D-4E9C-9075-2E9DBBFF062C}.Debug|x86.ActiveCfg = Debug|Any CPU
		{2BED85B5-139D-4E9C-9075-2E9DBBFF062C}.Debug|x86.Build.0 = Debug|Any CPU
		{2BED85B5-139D-4E9C-9075-2E9DBBFF062C}.Release|Any CPU.ActiveCfg = Release|Any CPU
		{2BED85B5-139D-4E9C-9075-2E9DBBFF062C}.Release|Any CPU.Build.0 = Release|Any CPU
		{2BED85B5-139D-4E9C-9075-2E9DBBFF062C}.Release|x64.ActiveCfg = Release|Any CPU
		{2BED85B5-139D-4E9C-9075-2E9DBBFF062C}.Release|x64.Build.0 = Release|Any CPU
		{2BED85B5-139D-4E9C-9075-2E9DBBFF062C}.Release|x86.ActiveCfg = Release|Any CPU
		{2BED85B5-139D-4E9C-9075-2E9DBBFF062C}.Release|x86.Build.0 = Release|Any CPU
		{6BE892F3-9F7A-4D6C-AAC8-E35E1AE8D335}.Debug|Any CPU.ActiveCfg = Debug|Any CPU
		{6BE892F3-9F7A-4D6C-AAC8-E35E1AE8D335}.Debug|Any CPU.Build.0 = Debug|Any CPU
		{6BE892F3-9F7A-4D6C-AAC8-E35E1AE8D335}.Debug|x64.ActiveCfg = Debug|Any CPU
		{6BE892F3-9F7A-4D6C-AAC8-E35E1AE8D335}.Debug|x64.Build.0 = Debug|Any CPU
		{6BE892F3-9F7A-4D6C-AAC8-E35E1AE8D335}.Debug|x86.ActiveCfg = Debug|Any CPU
		{6BE892F3-9F7A-4D6C-AAC8-E35E1AE8D335}.Debug|x86.Build.0 = Debug|Any CPU
		{6BE892F3-9F7A-4D6C-AAC8-E35E1AE8D335}.Release|Any CPU.ActiveCfg = Release|Any CPU
		{6BE892F3-9F7A-4D6C-AAC8-E35E1AE8D335}.Release|Any CPU.Build.0 = Release|Any CPU
		{6BE892F3-9F7A-4D6C-AAC8-E35E1AE8D335}.Release|x64.ActiveCfg = Release|Any CPU
		{6BE892F3-9F7A-4D6C-AAC8-E35E1AE8D335}.Release|x64.Build.0 = Release|Any CPU
		{6BE892F3-9F7A-4D6C-AAC8-E35E1AE8D335}.Release|x86.ActiveCfg = Release|Any CPU
		{6BE892F3-9F7A-4D6C-AAC8-E35E1AE8D335}.Release|x86.Build.0 = Release|Any CPU
		{BD2BFCCB-4058-4F09-BF1B-27751991339D}.Debug|Any CPU.ActiveCfg = Debug|Any CPU
		{BD2BFCCB-4058-4F09-BF1B-27751991339D}.Debug|Any CPU.Build.0 = Debug|Any CPU
		{BD2BFCCB-4058-4F09-BF1B-27751991339D}.Debug|x64.ActiveCfg = Debug|Any CPU
		{BD2BFCCB-4058-4F09-BF1B-27751991339D}.Debug|x64.Build.0 = Debug|Any CPU
		{BD2BFCCB-4058-4F09-BF1B-27751991339D}.Debug|x86.ActiveCfg = Debug|Any CPU
		{BD2BFCCB-4058-4F09-BF1B-27751991339D}.Debug|x86.Build.0 = Debug|Any CPU
		{BD2BFCCB-4058-4F09-BF1B-27751991339D}.Release|Any CPU.ActiveCfg = Release|Any CPU
		{BD2BFCCB-4058-4F09-BF1B-27751991339D}.Release|Any CPU.Build.0 = Release|Any CPU
		{BD2BFCCB-4058-4F09-BF1B-27751991339D}.Release|x64.ActiveCfg = Release|Any CPU
		{BD2BFCCB-4058-4F09-BF1B-27751991339D}.Release|x64.Build.0 = Release|Any CPU
		{BD2BFCCB-4058-4F09-BF1B-27751991339D}.Release|x86.ActiveCfg = Release|Any CPU
		{BD2BFCCB-4058-4F09-BF1B-27751991339D}.Release|x86.Build.0 = Release|Any CPU
		{FF001147-8C8A-4A64-B725-B1933E14AE20}.Debug|Any CPU.ActiveCfg = Debug|Any CPU
		{FF001147-8C8A-4A64-B725-B1933E14AE20}.Debug|Any CPU.Build.0 = Debug|Any CPU
		{FF001147-8C8A-4A64-B725-B1933E14AE20}.Debug|x64.ActiveCfg = Debug|Any CPU
		{FF001147-8C8A-4A64-B725-B1933E14AE20}.Debug|x64.Build.0 = Debug|Any CPU
		{FF001147-8C8A-4A64-B725-B1933E14AE20}.Debug|x86.ActiveCfg = Debug|Any CPU
		{FF001147-8C8A-4A64-B725-B1933E14AE20}.Debug|x86.Build.0 = Debug|Any CPU
		{FF001147-8C8A-4A64-B725-B1933E14AE20}.Release|Any CPU.ActiveCfg = Release|Any CPU
		{FF001147-8C8A-4A64-B725-B1933E14AE20}.Release|Any CPU.Build.0 = Release|Any CPU
		{FF001147-8C8A-4A64-B725-B1933E14AE20}.Release|x64.ActiveCfg = Release|Any CPU
		{FF001147-8C8A-4A64-B725-B1933E14AE20}.Release|x64.Build.0 = Release|Any CPU
		{FF001147-8C8A-4A64-B725-B1933E14AE20}.Release|x86.ActiveCfg = Release|Any CPU
		{FF001147-8C8A-4A64-B725-B1933E14AE20}.Release|x86.Build.0 = Release|Any CPU
	EndGlobalSection
	GlobalSection(NestedProjects) = preSolution
		{3ADDD51C-C0E0-4567-B261-E98E625AED0C} = {565C6579-A7B1-4F06-8008-6FA5D45BAAE6}
		{A9E61E51-D293-4E96-94C8-A102348DEB88} = {565C6579-A7B1-4F06-8008-6FA5D45BAAE6}
		{2BED85B5-139D-4E9C-9075-2E9DBBFF062C} = {565C6579-A7B1-4F06-8008-6FA5D45BAAE6}
		{6BE892F3-9F7A-4D6C-AAC8-E35E1AE8D335} = {352B3D40-F028-453F-A52E-5FE09DAF7D97}
		{BD2BFCCB-4058-4F09-BF1B-27751991339D} = {352B3D40-F028-453F-A52E-5FE09DAF7D97}
		{FF001147-8C8A-4A64-B725-B1933E14AE20} = {352B3D40-F028-453F-A52E-5FE09DAF7D97}
	EndGlobalSection
EndGlobal
